
Microsoft Visual Studio Solution File, Format Version 12.00
# Visual Studio Version 16
VisualStudioVersion = 16.0.810.19
MinimumVisualStudioVersion = 10.0.40219.1
Project("{FAE04EC0-301F-11D3-BF4B-00C04F79EFBC}") = "Business", "Business\Business.csproj", "{CB53B694-B190-499D-8E0E-10EF4985A5D4}"
EndProject
Project("{FAE04EC0-301F-11D3-BF4B-00C04F79EFBC}") = "Core", "Core\Core.csproj", "{F4F70AB1-970F-4B36-8D10-4C3CDBB1DF34}"
EndProject
Project("{FAE04EC0-301F-11D3-BF4B-00C04F79EFBC}") = "DataAccess", "DataAccess\DataAccess.csproj", "{B826F252-6576-44AF-816A-C346DE1AC714}"
EndProject
Project("{FAE04EC0-301F-11D3-BF4B-00C04F79EFBC}") = "Entities", "Entities\Entities.csproj", "{43402EB4-5EB4-4306-9A42-37C81C77847A}"
EndProject
Project("{FAE04EC0-301F-11D3-BF4B-00C04F79EFBC}") = "FoodApi", "FoodApi\FoodApi.csproj", "{8C58443C-5080-4A5C-B610-94FB8C46E1C7}"
EndProject
Global
	GlobalSection(SolutionConfigurationPlatforms) = preSolution
		Debug|Any CPU = Debug|Any CPU
		Release|Any CPU = Release|Any CPU
	EndGlobalSection
	GlobalSection(ProjectConfigurationPlatforms) = postSolution
		{CB53B694-B190-499D-8E0E-10EF4985A5D4}.Debug|Any CPU.ActiveCfg = Debug|Any CPU
		{CB53B694-B190-499D-8E0E-10EF4985A5D4}.Debug|Any CPU.Build.0 = Debug|Any CPU
		{CB53B694-B190-499D-8E0E-10EF4985A5D4}.Release|Any CPU.ActiveCfg = Release|Any CPU
		{CB53B694-B190-499D-8E0E-10EF4985A5D4}.Release|Any CPU.Build.0 = Release|Any CPU
		{F4F70AB1-970F-4B36-8D10-4C3CDBB1DF34}.Debug|Any CPU.ActiveCfg = Debug|Any CPU
		{F4F70AB1-970F-4B36-8D10-4C3CDBB1DF34}.Debug|Any CPU.Build.0 = Debug|Any CPU
		{F4F70AB1-970F-4B36-8D10-4C3CDBB1DF34}.Release|Any CPU.ActiveCfg = Release|Any CPU
		{F4F70AB1-970F-4B36-8D10-4C3CDBB1DF34}.Release|Any CPU.Build.0 = Release|Any CPU
		{B826F252-6576-44AF-816A-C346DE1AC714}.Debug|Any CPU.ActiveCfg = Debug|Any CPU
		{B826F252-6576-44AF-816A-C346DE1AC714}.Debug|Any CPU.Build.0 = Debug|Any CPU
		{B826F252-6576-44AF-816A-C346DE1AC714}.Release|Any CPU.ActiveCfg = Release|Any CPU
		{B826F252-6576-44AF-816A-C346DE1AC714}.Release|Any CPU.Build.0 = Release|Any CPU
		{43402EB4-5EB4-4306-9A42-37C81C77847A}.Debug|Any CPU.ActiveCfg = Debug|Any CPU
		{43402EB4-5EB4-4306-9A42-37C81C77847A}.Debug|Any CPU.Build.0 = Debug|Any CPU
		{43402EB4-5EB4-4306-9A42-37C81C77847A}.Release|Any CPU.ActiveCfg = Release|Any CPU
		{43402EB4-5EB4-4306-9A42-37C81C77847A}.Release|Any CPU.Build.0 = Release|Any CPU
		{8C58443C-5080-4A5C-B610-94FB8C46E1C7}.Debug|Any CPU.ActiveCfg = Debug|Any CPU
		{8C58443C-5080-4A5C-B610-94FB8C46E1C7}.Debug|Any CPU.Build.0 = Debug|Any CPU
		{8C58443C-5080-4A5C-B610-94FB8C46E1C7}.Release|Any CPU.ActiveCfg = Release|Any CPU
		{8C58443C-5080-4A5C-B610-94FB8C46E1C7}.Release|Any CPU.Build.0 = Release|Any CPU
	EndGlobalSection
	GlobalSection(SolutionProperties) = preSolution
		HideSolutionNode = FALSE
	EndGlobalSection
	GlobalSection(ExtensibilityGlobals) = postSolution
		SolutionGuid = {39A33CE1-5339-4499-8C58-1AB3E1BDB7F5}
	EndGlobalSection
EndGlobal
